
Microsoft Visual Studio Solution File, Format Version 10.00
# Visual Studio 2008
Project("{D183A3D8-5FD8-494B-B014-37F57B35E655}") = "SSASAMODB", "SSASAMODB\SSASAMODB.dtproj", "{F04B604E-9933-483C-B7A1-747C003856D4}"
EndProject
Global
	GlobalSection(SolutionConfigurationPlatforms) = preSolution
		Development|Default = Development|Default
	EndGlobalSection
	GlobalSection(ProjectConfigurationPlatforms) = postSolution
		{F04B604E-9933-483C-B7A1-747C003856D4}.Development|Default.ActiveCfg = Development
		{F04B604E-9933-483C-B7A1-747C003856D4}.Development|Default.Build.0 = Development
	EndGlobalSection
	GlobalSection(SolutionProperties) = preSolution
		HideSolutionNode = FALSE
	EndGlobalSection
EndGlobal
